github.com/etdub/goparsetime v0.0.0-20160315173935-ea17b0ac3318 h1:iguwbR+9xsizl84VMHU47I4OOWYSex1HZRotEoqziWQ=
github.com/etdub/goparsetime v0.0.0-20160315173935-ea17b0ac3318/go.mod h1:O/QFFckzvu1KpS1AOuQGgi6ErznEF8nZZVNDDMXlDP4=
github.com/google/uuid v1.1.1 h1:Gkbcsh/GbpXz7lPftLA3P6TYMwjCLYm83jiFQZF/3gY=
github.com/google/uuid v1.1.1/go.mod h1:TIyPZe4MgqvfeYDBFedMoGGpEw/LqOeaOT+nhxU+yHo=
github.com/karrick/tparse v2.4.2+incompatible h1:+cW306qKAzrASC5XieHkgN7/vPaGKIuK62Q7nI7DIRc=
github.com/karrick/tparse v2.4.2+incompatible/go.mod h1:ASPA+vrIcN1uEW6BZg8vfWbzm69ODPSYZPU6qJyfdK0=
